
Microsoft Visual Studio Solution File, Format Version 12.00
# Visual Studio 15
VisualStudioVersion = 15.0.28307.421
MinimumVisualStudioVersion = 10.0.40219.1
Project("{8BC9CEB8-8B4A-11D0-8D11-00A0C91BC942}") = "Project1", "Project1\Project1.vcxproj", "{565391C8-37E6-42F5-BCAF-D2CBAF01E8F5}"
EndProject
Global
	GlobalSection(SolutionConfigurationPlatforms) = preSolution
		Debug|x64 = Debug|x64
		Debug|x86 = Debug|x86
		Release|x64 = Release|x64
		Release|x86 = Release|x86
	EndGlobalSection
	GlobalSection(ProjectConfigurationPlatforms) = postSolution
		{565391C8-37E6-42F5-BCAF-D2CBAF01E8F5}.Debug|x64.ActiveCfg = Debug|x64
		{565391C8-37E6-42F5-BCAF-D2CBAF01E8F5}.Debug|x64.Build.0 = Debug|x64
		{565391C8-37E6-42F5-BCAF-D2CBAF01E8F5}.Debug|x86.ActiveCfg = Debug|Win32
		{565391C8-37E6-42F5-BCAF-D2CBAF01E8F5}.Debug|x86.Build.0 = Debug|Win32
		{565391C8-37E6-42F5-BCAF-D2CBAF01E8F5}.Release|x64.ActiveCfg = Release|x64
		{565391C8-37E6-42F5-BCAF-D2CBAF01E8F5}.Release|x64.Build.0 = Release|x64
		{565391C8-37E6-42F5-BCAF-D2CBAF01E8F5}.Release|x86.ActiveCfg = Release|Win32
		{565391C8-37E6-42F5-BCAF-D2CBAF01E8F5}.Release|x86.Build.0 = Release|Win32
	EndGlobalSection
	GlobalSection(SolutionProperties) = preSolution
		HideSolutionNode = FALSE
	EndGlobalSection
	GlobalSection(ExtensibilityGlobals) = postSolution
		SolutionGuid = {4E16218A-346A-415E-907A-56D72287289E}
	EndGlobalSection
EndGlobal
